
Microsoft Visual Studio Solution File, Format Version 12.00
# Visual Studio 15
VisualStudioVersion = 15.0.28010.2019
MinimumVisualStudioVersion = 10.0.40219.1
Project("{FAE04EC0-301F-11D3-BF4B-00C04F79EFBC}") = "Assg1", "Assg1\Assg1.csproj", "{1AEA111F-859C-4B4F-B71B-E8259981D5D5}"
EndProject
Project("{FAE04EC0-301F-11D3-BF4B-00C04F79EFBC}") = "Assg2", "Assg2\Assg2.csproj", "{60C7D1AF-CC0D-4E35-813E-4081A4028173}"
EndProject
Project("{FAE04EC0-301F-11D3-BF4B-00C04F79EFBC}") = "Assg3", "Assg3\Assg3.csproj", "{8B8B2EF3-EDF8-48E3-AA49-2BC5620E1F65}"
EndProject
Project("{FAE04EC0-301F-11D3-BF4B-00C04F79EFBC}") = "Assg4", "Assg4\Assg4.csproj", "{A32407F0-ADA3-482E-8C80-E3D74FC977D5}"
EndProject
Global
	GlobalSection(SolutionConfigurationPlatforms) = preSolution
		Debug|Any CPU = Debug|Any CPU
		Release|Any CPU = Release|Any CPU
	EndGlobalSection
	GlobalSection(ProjectConfigurationPlatforms) = postSolution
		{1AEA111F-859C-4B4F-B71B-E8259981D5D5}.Debug|Any CPU.ActiveCfg = Debug|Any CPU
		{1AEA111F-859C-4B4F-B71B-E8259981D5D5}.Debug|Any CPU.Build.0 = Debug|Any CPU
		{1AEA111F-859C-4B4F-B71B-E8259981D5D5}.Release|Any CPU.ActiveCfg = Release|Any CPU
		{1AEA111F-859C-4B4F-B71B-E8259981D5D5}.Release|Any CPU.Build.0 = Release|Any CPU
		{60C7D1AF-CC0D-4E35-813E-4081A4028173}.Debug|Any CPU.ActiveCfg = Debug|Any CPU
		{60C7D1AF-CC0D-4E35-813E-4081A4028173}.Debug|Any CPU.Build.0 = Debug|Any CPU
		{60C7D1AF-CC0D-4E35-813E-4081A4028173}.Release|Any CPU.ActiveCfg = Release|Any CPU
		{60C7D1AF-CC0D-4E35-813E-4081A4028173}.Release|Any CPU.Build.0 = Release|Any CPU
		{8B8B2EF3-EDF8-48E3-AA49-2BC5620E1F65}.Debug|Any CPU.ActiveCfg = Debug|Any CPU
		{8B8B2EF3-EDF8-48E3-AA49-2BC5620E1F65}.Debug|Any CPU.Build.0 = Debug|Any CPU
		{8B8B2EF3-EDF8-48E3-AA49-2BC5620E1F65}.Release|Any CPU.ActiveCfg = Release|Any CPU
		{8B8B2EF3-EDF8-48E3-AA49-2BC5620E1F65}.Release|Any CPU.Build.0 = Release|Any CPU
		{A32407F0-ADA3-482E-8C80-E3D74FC977D5}.Debug|Any CPU.ActiveCfg = Debug|Any CPU
		{A32407F0-ADA3-482E-8C80-E3D74FC977D5}.Debug|Any CPU.Build.0 = Debug|Any CPU
		{A32407F0-ADA3-482E-8C80-E3D74FC977D5}.Release|Any CPU.ActiveCfg = Release|Any CPU
		{A32407F0-ADA3-482E-8C80-E3D74FC977D5}.Release|Any CPU.Build.0 = Release|Any CPU
	EndGlobalSection
	GlobalSection(SolutionProperties) = preSolution
		HideSolutionNode = FALSE
	EndGlobalSection
	GlobalSection(ExtensibilityGlobals) = postSolution
		SolutionGuid = {B10EF6C9-4F0C-49FF-B6ED-AFA49BF97DE4}
	EndGlobalSection
EndGlobal
